
Microsoft Visual Studio Solution File, Format Version 12.00
# Visual Studio Version 17
VisualStudioVersion = 17.1.32210.238
MinimumVisualStudioVersion = 10.0.40219.1
Project("{FAE04EC0-301F-11D3-BF4B-00C04F79EFBC}") = "GDT", "GDT.csproj", "{533EEBC4-416E-496F-8D2D-D9D3170366EB}"
EndProject
Global
	GlobalSection(SolutionConfigurationPlatforms) = preSolution
		Debug|Any CPU = Debug|Any CPU
		Release|Any CPU = Release|Any CPU
	EndGlobalSection
	GlobalSection(ProjectConfigurationPlatforms) = postSolution
		{533EEBC4-416E-496F-8D2D-D9D3170366EB}.Debug|Any CPU.ActiveCfg = Debug|Any CPU
		{533EEBC4-416E-496F-8D2D-D9D3170366EB}.Debug|Any CPU.Build.0 = Debug|Any CPU
		{533EEBC4-416E-496F-8D2D-D9D3170366EB}.Release|Any CPU.ActiveCfg = Release|Any CPU
		{533EEBC4-416E-496F-8D2D-D9D3170366EB}.Release|Any CPU.Build.0 = Release|Any CPU
	EndGlobalSection
	GlobalSection(SolutionProperties) = preSolution
		HideSolutionNode = FALSE
	EndGlobalSection
	GlobalSection(ExtensibilityGlobals) = postSolution
		SolutionGuid = {AC12F553-E986-4E15-97DA-159970B327F3}
	EndGlobalSection
EndGlobal
